
Microsoft Visual Studio Solution File, Format Version 12.00
# Visual Studio 15
VisualStudioVersion = 15.0.27004.2008
MinimumVisualStudioVersion = 10.0.40219.1
Project("{FAE04EC0-301F-11D3-BF4B-00C04F79EFBC}") = "Our.Umbraco.InnerContent", "Our.Umbraco.InnerContent\Our.Umbraco.InnerContent.csproj", "{4B0C20EA-3B2B-4C56-A09A-C4F208D577EC}"
EndProject
Project("{2150E333-8FDC-42A3-9474-1A3956D46DE8}") = "Solution Items", "Solution Items", "{ABCCCFCD-7ABB-4480-ACA6-E32A79B89990}"
	ProjectSection(SolutionItems) = preProject
		..\CONTRIBUTING.md = ..\CONTRIBUTING.md
		..\LICENSE.md = ..\LICENSE.md
		..\README.md = ..\README.md
	EndProjectSection
EndProject
Project("{2150E333-8FDC-42A3-9474-1A3956D46DE8}") = "Build Scripts", "Build Scripts", "{0EDC340A-DCE2-459A-9114-99B7334A1D2D}"
	ProjectSection(SolutionItems) = preProject
		..\appveyor.yml = ..\appveyor.yml
		..\azure-pipelines.yml = ..\azure-pipelines.yml
		..\build-appveyor.cmd = ..\build-appveyor.cmd
		..\build-pipelines.cmd = ..\build-pipelines.cmd
		..\build.cmd = ..\build.cmd
		..\build\install.ps1 = ..\build\install.ps1
		..\build\package.core.nuspec = ..\build\package.core.nuspec
		..\build\package.nuspec = ..\build\package.nuspec
		..\build\package.proj = ..\build\package.proj
		..\build\package.xml = ..\build\package.xml
	EndProjectSection
EndProject
Global
	GlobalSection(SolutionConfigurationPlatforms) = preSolution
		Debug|Any CPU = Debug|Any CPU
		Release|Any CPU = Release|Any CPU
	EndGlobalSection
	GlobalSection(ProjectConfigurationPlatforms) = postSolution
		{4B0C20EA-3B2B-4C56-A09A-C4F208D577EC}.Debug|Any CPU.ActiveCfg = Debug|Any CPU
		{4B0C20EA-3B2B-4C56-A09A-C4F208D577EC}.Debug|Any CPU.Build.0 = Debug|Any CPU
		{4B0C20EA-3B2B-4C56-A09A-C4F208D577EC}.Release|Any CPU.ActiveCfg = Release|Any CPU
		{4B0C20EA-3B2B-4C56-A09A-C4F208D577EC}.Release|Any CPU.Build.0 = Release|Any CPU
	EndGlobalSection
	GlobalSection(SolutionProperties) = preSolution
		HideSolutionNode = FALSE
	EndGlobalSection
	GlobalSection(NestedProjects) = preSolution
		{0EDC340A-DCE2-459A-9114-99B7334A1D2D} = {ABCCCFCD-7ABB-4480-ACA6-E32A79B89990}
	EndGlobalSection
	GlobalSection(ExtensibilityGlobals) = postSolution
		SolutionGuid = {3DB20A45-23C8-4D1F-9007-7E6FAD1B4C06}
	EndGlobalSection
EndGlobal
